
Microsoft Visual Studio Solution File, Format Version 12.00
# Visual Studio Version 17
VisualStudioVersion = 17.6.33815.320
MinimumVisualStudioVersion = 10.0.40219.1
Project("{8BC9CEB8-8B4A-11D0-8D11-00A0C91BC942}") = "OOP_Advanced_2", "OOP_Advanced_2.vcxproj", "{2F54E731-5188-4A18-93D6-36474D3C8F94}"
EndProject
Global
	GlobalSection(SolutionConfigurationPlatforms) = preSolution
		Debug|x64 = Debug|x64
		Debug|x86 = Debug|x86
		Release|x64 = Release|x64
		Release|x86 = Release|x86
	EndGlobalSection
	GlobalSection(ProjectConfigurationPlatforms) = postSolution
		{2F54E731-5188-4A18-93D6-36474D3C8F94}.Debug|x64.ActiveCfg = Debug|x64
		{2F54E731-5188-4A18-93D6-36474D3C8F94}.Debug|x64.Build.0 = Debug|x64
		{2F54E731-5188-4A18-93D6-36474D3C8F94}.Debug|x86.ActiveCfg = Debug|Win32
		{2F54E731-5188-4A18-93D6-36474D3C8F94}.Debug|x86.Build.0 = Debug|Win32
		{2F54E731-5188-4A18-93D6-36474D3C8F94}.Release|x64.ActiveCfg = Release|x64
		{2F54E731-5188-4A18-93D6-36474D3C8F94}.Release|x64.Build.0 = Release|x64
		{2F54E731-5188-4A18-93D6-36474D3C8F94}.Release|x86.ActiveCfg = Release|Win32
		{2F54E731-5188-4A18-93D6-36474D3C8F94}.Release|x86.Build.0 = Release|Win32
	EndGlobalSection
	GlobalSection(SolutionProperties) = preSolution
		HideSolutionNode = FALSE
	EndGlobalSection
	GlobalSection(ExtensibilityGlobals) = postSolution
		SolutionGuid = {89E71465-FDD0-4D0D-BED2-50DE687DB537}
	EndGlobalSection
EndGlobal
